// !$*UTF8*$!
{
	archiveVersion = 1;
	classes = {
	};
	objectVersion = 50;
	objects = {

/* Begin PBXBuildFile section */
		5481B5732088DD1300664DDA /* AppDelegate.swift in Sources */ = {isa = PBXBuildFile; fileRef = 5481B5722088DD1300664DDA /* AppDelegate.swift */; };
		5481B5752088DD1300664DDA /* ViewController.swift in Sources */ = {isa = PBXBuildFile; fileRef = 5481B5742088DD1300664DDA /* ViewController.swift */; };
		5481B5782088DD1300664DDA /* Main.storyboard in Resources */ = {isa = PBXBuildFile; fileRef = 5481B5762088DD1300664DDA /* Main.storyboard */; };
		5481B57D2088DD1500664DDA /* LaunchScreen.storyboard in Resources */ = {isa = PBXBuildFile; fileRef = 5481B57B2088DD1500664DDA /* LaunchScreen.storyboard */; };
		5481B5852088F3FD00664DDA /* HomeController.swift in Sources */ = {isa = PBXBuildFile; fileRef = 5481B5842088F3FD00664DDA /* HomeController.swift */; };
		AA4BF9372090F26600DB3DAF /* GoogleMobileAds.framework in Frameworks */ = {isa = PBXBuildFile; fileRef = AA4BF9362090F26600DB3DAF /* GoogleMobileAds.framework */; };
		AA4BF9382091070500DB3DAF /* Assets.xcassets in Resources */ = {isa = PBXBuildFile; fileRef = 5481B5792088DD1500664DDA /* Assets.xcassets */; };
		AA5C929E2090EE56008C3490 /* AudioToolbox.framework in Frameworks */ = {isa = PBXBuildFile; fileRef = AA5C929D2090EE56008C3490 /* AudioToolbox.framework */; };
		AA5C92A02090EE5A008C3490 /* HomeKit.framework in Frameworks */ = {isa = PBXBuildFile; fileRef = AA5C929F2090EE5A008C3490 /* HomeKit.framework */; };
		AA5C92A22090EE5C008C3490 /* ExternalAccessory.framework in Frameworks */ = {isa = PBXBuildFile; fileRef = AA5C92A12090EE5C008C3490 /* ExternalAccessory.framework */; };
		AA64172F2090EF0000E69141 /* EventKit.framework in Frameworks */ = {isa = PBXBuildFile; fileRef = AA64172D2090EF0000E69141 /* EventKit.framework */; };
		AA6417302090EF0000E69141 /* EventKitUI.framework in Frameworks */ = {isa = PBXBuildFile; fileRef = AA64172E2090EF0000E69141 /* EventKitUI.framework */; };
		AA6417322090EF0F00E69141 /* AVFoundation.framework in Frameworks */ = {isa = PBXBuildFile; fileRef = AA6417312090EF0F00E69141 /* AVFoundation.framework */; };
		AA6417342090EF1D00E69141 /* AdSupport.framework in Frameworks */ = {isa = PBXBuildFile; fileRef = AA6417332090EF1D00E69141 /* AdSupport.framework */; };
		AA6417362090EF2E00E69141 /* CoreGraphics.framework in Frameworks */ = {isa = PBXBuildFile; fileRef = AA6417352090EF2E00E69141 /* CoreGraphics.framework */; };
		AA6417382090EF3500E69141 /* CoreTelephony.framework in Frameworks */ = {isa = PBXBuildFile; fileRef = AA6417372090EF3500E69141 /* CoreTelephony.framework */; };
		AA64173A2090EF4100E69141 /* CoreMedia.framework in Frameworks */ = {isa = PBXBuildFile; fileRef = AA6417392090EF4100E69141 /* CoreMedia.framework */; };
		AA64173C2090EF4B00E69141 /* MessageUI.framework in Frameworks */ = {isa = PBXBuildFile; fileRef = AA64173B2090EF4B00E69141 /* MessageUI.framework */; };
		AA64173E2090EF5700E69141 /* StoreKit.framework in Frameworks */ = {isa = PBXBuildFile; fileRef = AA64173D2090EF5700E69141 /* StoreKit.framework */; };
		AA6417402090EF5E00E69141 /* SystemConfiguration.framework in Frameworks */ = {isa = PBXBuildFile; fileRef = AA64173F2090EF5E00E69141 /* SystemConfiguration.framework */; };
		AA73701C209115970062EC79 /* AccountController.swift in Sources */ = {isa = PBXBuildFile; fileRef = AA73701B209115970062EC79 /* AccountController.swift */; };
		D771F72120896E7400DABCF4 /* CookbookController.swift in Sources */ = {isa = PBXBuildFile; fileRef = D771F72020896E7400DABCF4 /* CookbookController.swift */; };
		D771F723208FC8D700DABCF4 /* GraphicTimer.swift in Sources */ = {isa = PBXBuildFile; fileRef = D771F722208FC8D700DABCF4 /* GraphicTimer.swift */; };
/* End PBXBuildFile section */

/* Begin PBXFileReference section */
		5481B56F2088DD1300664DDA /* eChefv2.1.app */ = {isa = PBXFileReference; explicitFileType = wrapper.application; includeInIndex = 0; path = eChefv2.1.app; sourceTree = BUILT_PRODUCTS_DIR; };
		5481B5722088DD1300664DDA /* AppDelegate.swift */ = {isa = PBXFileReference; lastKnownFileType = sourcecode.swift; path = AppDelegate.swift; sourceTree = "<group>"; };
		5481B5742088DD1300664DDA /* ViewController.swift */ = {isa = PBXFileReference; lastKnownFileType = sourcecode.swift; path = ViewController.swift; sourceTree = "<group>"; };
		5481B5772088DD1300664DDA /* Base */ = {isa = PBXFileReference; lastKnownFileType = file.storyboard; name = Base; path = Base.lproj/Main.storyboard; sourceTree = "<group>"; };
		5481B5792088DD1500664DDA /* Assets.xcassets */ = {isa = PBXFileReference; lastKnownFileType = folder.assetcatalog; path = Assets.xcassets; sourceTree = "<group>"; };
		5481B57C2088DD1500664DDA /* Base */ = {isa = PBXFileReference; lastKnownFileType = file.storyboard; name = Base; path = Base.lproj/LaunchScreen.storyboard; sourceTree = "<group>"; };
		5481B57E2088DD1500664DDA /* Info.plist */ = {isa = PBXFileReference; lastKnownFileType = text.plist.xml; path = Info.plist; sourceTree = "<group>"; };
		5481B5842088F3FD00664DDA /* HomeController.swift */ = {isa = PBXFileReference; lastKnownFileType = sourcecode.swift; path = HomeController.swift; sourceTree = "<group>"; };
		AA4BF9362090F26600DB3DAF /* GoogleMobileAds.framework */ = {isa = PBXFileReference; lastKnownFileType = wrapper.framework; path = GoogleMobileAds.framework; sourceTree = "<group>"; };
		AA5C929B2090EE56008C3490 /* eChefv2.1.entitlements */ = {isa = PBXFileReference; lastKnownFileType = text.plist.entitlements; path = eChefv2.1.entitlements; sourceTree = "<group>"; };
		AA5C929D2090EE56008C3490 /* AudioToolbox.framework */ = {isa = PBXFileReference; lastKnownFileType = wrapper.framework; name = AudioToolbox.framework; path = System/Library/Frameworks/AudioToolbox.framework; sourceTree = SDKROOT; };
		AA5C929F2090EE5A008C3490 /* HomeKit.framework */ = {isa = PBXFileReference; lastKnownFileType = wrapper.framework; name = HomeKit.framework; path = System/Library/Frameworks/HomeKit.framework; sourceTree = SDKROOT; };
		AA5C92A12090EE5C008C3490 /* ExternalAccessory.framework */ = {isa = PBXFileReference; lastKnownFileType = wrapper.framework; name = ExternalAccessory.framework; path = System/Library/Frameworks/ExternalAccessory.framework; sourceTree = SDKROOT; };
		AA64172B2090EEBF00E69141 /* GoogleMobileAds.framework */ = {isa = PBXFileReference; lastKnownFileType = wrapper.framework; name = GoogleMobileAds.framework; path = "../../../../Downloads/GoogleMobileAdsSdkiOS-7.30.0/GoogleMobileAds.framework"; sourceTree = "<group>"; };
		AA64172D2090EF0000E69141 /* EventKit.framework */ = {isa = PBXFileReference; lastKnownFileType = wrapper.framework; name = EventKit.framework; path = System/Library/Frameworks/EventKit.framework; sourceTree = SDKROOT; };
		AA64172E2090EF0000E69141 /* EventKitUI.framework */ = {isa = PBXFileReference; lastKnownFileType = wrapper.framework; name = EventKitUI.framework; path = System/Library/Frameworks/EventKitUI.framework; sourceTree = SDKROOT; };
		AA6417312090EF0F00E69141 /* AVFoundation.framework */ = {isa = PBXFileReference; lastKnownFileType = wrapper.framework; name = AVFoundation.framework; path = System/Library/Frameworks/AVFoundation.framework; sourceTree = SDKROOT; };
		AA6417332090EF1D00E69141 /* AdSupport.framework */ = {isa = PBXFileReference; lastKnownFileType = wrapper.framework; name = AdSupport.framework; path = System/Library/Frameworks/AdSupport.framework; sourceTree = SDKROOT; };
		AA6417352090EF2E00E69141 /* CoreGraphics.framework */ = {isa = PBXFileReference; lastKnownFileType = wrapper.framework; name = CoreGraphics.framework; path = System/Library/Frameworks/CoreGraphics.framework; sourceTree = SDKROOT; };
		AA6417372090EF3500E69141 /* CoreTelephony.framework */ = {isa = PBXFileReference; lastKnownFileType = wrapper.framework; name = CoreTelephony.framework; path = System/Library/Frameworks/CoreTelephony.framework; sourceTree = SDKROOT; };
		AA6417392090EF4100E69141 /* CoreMedia.framework */ = {isa = PBXFileReference; lastKnownFileType = wrapper.framework; name = CoreMedia.framework; path = System/Library/Frameworks/CoreMedia.framework; sourceTree = SDKROOT; };
		AA64173B2090EF4B00E69141 /* MessageUI.framework */ = {isa = PBXFileReference; lastKnownFileType = wrapper.framework; name = MessageUI.framework; path = System/Library/Frameworks/MessageUI.framework; sourceTree = SDKROOT; };
		AA64173D2090EF5700E69141 /* StoreKit.framework */ = {isa = PBXFileReference; lastKnownFileType = wrapper.framework; name = StoreKit.framework; path = System/Library/Frameworks/StoreKit.framework; sourceTree = SDKROOT; };
		AA64173F2090EF5E00E69141 /* SystemConfiguration.framework */ = {isa = PBXFileReference; lastKnownFileType = wrapper.framework; name = SystemConfiguration.framework; path = System/Library/Frameworks/SystemConfiguration.framework; sourceTree = SDKROOT; };
		AA73701B209115970062EC79 /* AccountController.swift */ = {isa = PBXFileReference; lastKnownFileType = sourcecode.swift; path = AccountController.swift; sourceTree = "<group>"; };
		D771F72020896E7400DABCF4 /* CookbookController.swift */ = {isa = PBXFileReference; lastKnownFileType = sourcecode.swift; path = CookbookController.swift; sourceTree = "<group>"; };
		D771F722208FC8D700DABCF4 /* GraphicTimer.swift */ = {isa = PBXFileReference; lastKnownFileType = sourcecode.swift; path = GraphicTimer.swift; sourceTree = "<group>"; };
/* End PBXFileReference section */

/* Begin PBXFrameworksBuildPhase section */
		5481B56C2088DD1300664DDA /* Frameworks */ = {
			isa = PBXFrameworksBuildPhase;
			buildActionMask = 2147483647;
			files = (
				AA6417402090EF5E00E69141 /* SystemConfiguration.framework in Frameworks */,
				AA64173E2090EF5700E69141 /* StoreKit.framework in Frameworks */,
				AA64173C2090EF4B00E69141 /* MessageUI.framework in Frameworks */,
				AA64173A2090EF4100E69141 /* CoreMedia.framework in Frameworks */,
				AA6417382090EF3500E69141 /* CoreTelephony.framework in Frameworks */,
				AA6417362090EF2E00E69141 /* CoreGraphics.framework in Frameworks */,
				AA6417342090EF1D00E69141 /* AdSupport.framework in Frameworks */,
				AA6417322090EF0F00E69141 /* AVFoundation.framework in Frameworks */,
				AA4BF9372090F26600DB3DAF /* GoogleMobileAds.framework in Frameworks */,
				AA64172F2090EF0000E69141 /* EventKit.framework in Frameworks */,
				AA6417302090EF0000E69141 /* EventKitUI.framework in Frameworks */,
				AA5C92A22090EE5C008C3490 /* ExternalAccessory.framework in Frameworks */,
				AA5C92A02090EE5A008C3490 /* HomeKit.framework in Frameworks */,
				AA5C929E2090EE56008C3490 /* AudioToolbox.framework in Frameworks */,
			);
			runOnlyForDeploymentPostprocessing = 0;
		};
/* End PBXFrameworksBuildPhase section */

/* Begin PBXGroup section */
		5481B5662088DD1300664DDA = {
			isa = PBXGroup;
			children = (
				AA5C929B2090EE56008C3490 /* eChefv2.1.entitlements */,
				5481B5712088DD1300664DDA /* Mockup02 */,
				5481B5702088DD1300664DDA /* Products */,
				AA5C929C2090EE56008C3490 /* Frameworks */,
			);
			sourceTree = "<group>";
		};
		5481B5702088DD1300664DDA /* Products */ = {
			isa = PBXGroup;
			children = (
				5481B56F2088DD1300664DDA /* eChefv2.1.app */,
			);
			name = Products;
			sourceTree = "<group>";
		};
		5481B5712088DD1300664DDA /* Mockup02 */ = {
			isa = PBXGroup;
			children = (
				5481B5722088DD1300664DDA /* AppDelegate.swift */,
				5481B5742088DD1300664DDA /* ViewController.swift */,
				5481B5762088DD1300664DDA /* Main.storyboard */,
				5481B5792088DD1500664DDA /* Assets.xcassets */,
				5481B57B2088DD1500664DDA /* LaunchScreen.storyboard */,
				5481B57E2088DD1500664DDA /* Info.plist */,
				5481B5842088F3FD00664DDA /* HomeController.swift */,
				D771F72020896E7400DABCF4 /* CookbookController.swift */,
				D771F722208FC8D700DABCF4 /* GraphicTimer.swift */,
				AA73701B209115970062EC79 /* AccountController.swift */,
			);
			path = Mockup02;
			sourceTree = "<group>";
		};
		AA5C929C2090EE56008C3490 /* Frameworks */ = {
			isa = PBXGroup;
			children = (
				AA4BF9362090F26600DB3DAF /* GoogleMobileAds.framework */,
				AA64173F2090EF5E00E69141 /* SystemConfiguration.framework */,
				AA64173D2090EF5700E69141 /* StoreKit.framework */,
				AA64173B2090EF4B00E69141 /* MessageUI.framework */,
				AA6417392090EF4100E69141 /* CoreMedia.framework */,
				AA6417372090EF3500E69141 /* CoreTelephony.framework */,
				AA6417352090EF2E00E69141 /* CoreGraphics.framework */,
				AA6417332090EF1D00E69141 /* AdSupport.framework */,
				AA6417312090EF0F00E69141 /* AVFoundation.framework */,
				AA64172D2090EF0000E69141 /* EventKit.framework */,
				AA64172E2090EF0000E69141 /* EventKitUI.framework */,
				AA64172B2090EEBF00E69141 /* GoogleMobileAds.framework */,
				AA5C92A12090EE5C008C3490 /* ExternalAccessory.framework */,
				AA5C929F2090EE5A008C3490 /* HomeKit.framework */,
				AA5C929D2090EE56008C3490 /* AudioToolbox.framework */,
			);
			name = Frameworks;
			sourceTree = "<group>";
		};
/* End PBXGroup section */

/* Begin PBXNativeTarget section */
		5481B56E2088DD1300664DDA /* eChefv2.1 */ = {
			isa = PBXNativeTarget;
			buildConfigurationList = 5481B5812088DD1500664DDA /* Build configuration list for PBXNativeTarget "eChefv2.1" */;
			buildPhases = (
				5481B56B2088DD1300664DDA /* Sources */,
				5481B56C2088DD1300664DDA /* Frameworks */,
				5481B56D2088DD1300664DDA /* Resources */,
			);
			buildRules = (
			);
			dependencies = (
			);
			name = eChefv2.1;
			productName = Mockup02;
			productReference = 5481B56F2088DD1300664DDA /* eChefv2.1.app */;
			productType = "com.apple.product-type.application";
		};
/* End PBXNativeTarget section */

/* Begin PBXProject section */
		5481B5672088DD1300664DDA /* Project object */ = {
			isa = PBXProject;
			attributes = {
				LastSwiftUpdateCheck = 0930;
				LastUpgradeCheck = 0930;
				ORGANIZATIONNAME = "Mitchell Rowley";
				TargetAttributes = {
					5481B56E2088DD1300664DDA = {
						CreatedOnToolsVersion = 9.3;
						SystemCapabilities = {
							com.apple.BackgroundModes = {
								enabled = 1;
							};
							com.apple.DataProtection = {
								enabled = 1;
							};
							com.apple.HomeKit = {
								enabled = 1;
							};
							com.apple.InterAppAudio = {
								enabled = 1;
							};
							com.apple.WAC = {
								enabled = 1;
							};
						};
					};
				};
			};
			buildConfigurationList = 5481B56A2088DD1300664DDA /* Build configuration list for PBXProject "eChefv2.1" */;
			compatibilityVersion = "Xcode 9.3";
			developmentRegion = en;
			hasScannedForEncodings = 0;
			knownRegions = (
				en,
				Base,
			);
			mainGroup = 5481B5662088DD1300664DDA;
			productRefGroup = 5481B5702088DD1300664DDA /* Products */;
			projectDirPath = "";
			projectRoot = "";
			targets = (
				5481B56E2088DD1300664DDA /* eChefv2.1 */,
			);
		};
/* End PBXProject section */

/* Begin PBXResourcesBuildPhase section */
		5481B56D2088DD1300664DDA /* Resources */ = {
			isa = PBXResourcesBuildPhase;
			buildActionMask = 2147483647;
			files = (
				5481B57D2088DD1500664DDA /* LaunchScreen.storyboard in Resources */,
				AA4BF9382091070500DB3DAF /* Assets.xcassets in Resources */,
				5481B5782088DD1300664DDA /* Main.storyboard in Resources */,
			);
			runOnlyForDeploymentPostprocessing = 0;
		};
/* End PBXResourcesBuildPhase section */

/* Begin PBXSourcesBuildPhase section */
		5481B56B2088DD1300664DDA /* Sources */ = {
			isa = PBXSourcesBuildPhase;
			buildActionMask = 2147483647;
			files = (
				5481B5752088DD1300664DDA /* ViewController.swift in Sources */,
				D771F723208FC8D700DABCF4 /* GraphicTimer.swift in Sources */,
				5481B5732088DD1300664DDA /* AppDelegate.swift in Sources */,
				AA73701C209115970062EC79 /* AccountController.swift in Sources */,
				D771F72120896E7400DABCF4 /* CookbookController.swift in Sources */,
				5481B5852088F3FD00664DDA /* HomeController.swift in Sources */,
			);
			runOnlyForDeploymentPostprocessing = 0;
		};
/* End PBXSourcesBuildPhase section */

/* Begin PBXVariantGroup section */
		5481B5762088DD1300664DDA /* Main.storyboard */ = {
			isa = PBXVariantGroup;
			children = (
				5481B5772088DD1300664DDA /* Base */,
			);
			name = Main.storyboard;
			sourceTree = "<group>";
		};
		5481B57B2088DD1500664DDA /* LaunchScreen.storyboard */ = {
			isa = PBXVariantGroup;
			children = (
				5481B57C2088DD1500664DDA /* Base */,
			);
			name = LaunchScreen.storyboard;
			sourceTree = "<group>";
		};
/* End PBXVariantGroup section */

/* Begin XCBuildConfiguration section */
		5481B57F2088DD1500664DDA /* Debug */ = {
			isa = XCBuildConfiguration;
			buildSettings = {
				ALWAYS_SEARCH_USER_PATHS = NO;
				CLANG_ANALYZER_NONNULL = YES;
				CLANG_ANALYZER_NUMBER_OBJECT_CONVERSION = YES_AGGRESSIVE;
				CLANG_CXX_LANGUAGE_STANDARD = "gnu++14";
				CLANG_CXX_LIBRARY = "libc++";
				CLANG_ENABLE_MODULES = YES;
				CLANG_ENABLE_OBJC_ARC = YES;
				CLANG_ENABLE_OBJC_WEAK = YES;
				CLANG_WARN_BLOCK_CAPTURE_AUTORELEASING = YES;
				CLANG_WARN_BOOL_CONVERSION = YES;
				CLANG_WARN_COMMA = YES;
				CLANG_WARN_CONSTANT_CONVERSION = YES;
				CLANG_WARN_DEPRECATED_OBJC_IMPLEMENTATIONS = YES;
				CLANG_WARN_DIRECT_OBJC_ISA_USAGE = YES_ERROR;
				CLANG_WARN_DOCUMENTATION_COMMENTS = YES;
				CLANG_WARN_EMPTY_BODY = YES;
				CLANG_WARN_ENUM_CONVERSION = YES;
				CLANG_WARN_INFINITE_RECURSION = YES;
				CLANG_WARN_INT_CONVERSION = YES;
				CLANG_WARN_NON_LITERAL_NULL_CONVERSION = YES;
				CLANG_WARN_OBJC_IMPLICIT_RETAIN_SELF = YES;
				CLANG_WARN_OBJC_LITERAL_CONVERSION = YES;
				CLANG_WARN_OBJC_ROOT_CLASS = YES_ERROR;
				CLANG_WARN_RANGE_LOOP_ANALYSIS = YES;
				CLANG_WARN_STRICT_PROTOTYPES = YES;
				CLANG_WARN_SUSPICIOUS_MOVE = YES;
				CLANG_WARN_UNGUARDED_AVAILABILITY = YES_AGGRESSIVE;
				CLANG_WARN_UNREACHABLE_CODE = YES;
				CLANG_WARN__DUPLICATE_METHOD_MATCH = YES;
				CODE_SIGN_IDENTITY = "iPhone Developer";
				COPY_PHASE_STRIP = NO;
				DEBUG_INFORMATION_FORMAT = dwarf;
				ENABLE_STRICT_OBJC_MSGSEND = YES;
				ENABLE_TESTABILITY = YES;
				GCC_C_LANGUAGE_STANDARD = gnu11;
				GCC_DYNAMIC_NO_PIC = NO;
				GCC_NO_COMMON_BLOCKS = YES;
				GCC_OPTIMIZATION_LEVEL = 0;
				GCC_PREPROCESSOR_DEFINITIONS = (
					"DEBUG=1",
					"$(inherited)",
				);
				GCC_WARN_64_TO_32_BIT_CONVERSION = YES;
				GCC_WARN_ABOUT_RETURN_TYPE = YES_ERROR;
				GCC_WARN_UNDECLARED_SELECTOR = YES;
				GCC_WARN_UNINITIALIZED_AUTOS = YES_AGGRESSIVE;
				GCC_WARN_UNUSED_FUNCTION = YES;
				GCC_WARN_UNUSED_VARIABLE = YES;
				IPHONEOS_DEPLOYMENT_TARGET = 11.3;
				MTL_ENABLE_DEBUG_INFO = YES;
				ONLY_ACTIVE_ARCH = YES;
				SDKROOT = iphoneos;
				SWIFT_ACTIVE_COMPILATION_CONDITIONS = DEBUG;
				SWIFT_OPTIMIZATION_LEVEL = "-Onone";
			};
			name = Debug;
		};
		5481B5802088DD1500664DDA /* Release */ = {
			isa = XCBuildConfiguration;
			buildSettings = {
				ALWAYS_SEARCH_USER_PATHS = NO;
				CLANG_ANALYZER_NONNULL = YES;
				CLANG_ANALYZER_NUMBER_OBJECT_CONVERSION = YES_AGGRESSIVE;
				CLANG_CXX_LANGUAGE_STANDARD = "gnu++14";
				CLANG_CXX_LIBRARY = "libc++";
				CLANG_ENABLE_MODULES = YES;
				CLANG_ENABLE_OBJC_ARC = YES;
				CLANG_ENABLE_OBJC_WEAK = YES;
				CLANG_WARN_BLOCK_CAPTURE_AUTORELEASING = YES;
				CLANG_WARN_BOOL_CONVERSION = YES;
				CLANG_WARN_COMMA = YES;
				CLANG_WARN_CONSTANT_CONVERSION = YES;
				CLANG_WARN_DEPRECATED_OBJC_IMPLEMENTATIONS = YES;
				CLANG_WARN_DIRECT_OBJC_ISA_USAGE = YES_ERROR;
				CLANG_WARN_DOCUMENTATION_COMMENTS = YES;
				CLANG_WARN_EMPTY_BODY = YES;
				CLANG_WARN_ENUM_CONVERSION = YES;
				CLANG_WARN_INFINITE_RECURSION = YES;
				CLANG_WARN_INT_CONVERSION = YES;
				CLANG_WARN_NON_LITERAL_NULL_CONVERSION = YES;
				CLANG_WARN_OBJC_IMPLICIT_RETAIN_SELF = YES;
				CLANG_WARN_OBJC_LITERAL_CONVERSION = YES;
				CLANG_WARN_OBJC_ROOT_CLASS = YES_ERROR;
				CLANG_WARN_RANGE_LOOP_ANALYSIS = YES;
				CLANG_WARN_STRICT_PROTOTYPES = YES;
				CLANG_WARN_SUSPICIOUS_MOVE = YES;
				CLANG_WARN_UNGUARDED_AVAILABILITY = YES_AGGRESSIVE;
				CLANG_WARN_UNREACHABLE_CODE = YES;
				CLANG_WARN__DUPLICATE_METHOD_MATCH = YES;
				CODE_SIGN_IDENTITY = "iPhone Developer";
				COPY_PHASE_STRIP = NO;
				DEBUG_INFORMATION_FORMAT = "dwarf-with-dsym";
				ENABLE_NS_ASSERTIONS = NO;
				ENABLE_STRICT_OBJC_MSGSEND = YES;
				GCC_C_LANGUAGE_STANDARD = gnu11;
				GCC_NO_COMMON_BLOCKS = YES;
				GCC_WARN_64_TO_32_BIT_CONVERSION = YES;
				GCC_WARN_ABOUT_RETURN_TYPE = YES_ERROR;
				GCC_WARN_UNDECLARED_SELECTOR = YES;
				GCC_WARN_UNINITIALIZED_AUTOS = YES_AGGRESSIVE;
				GCC_WARN_UNUSED_FUNCTION = YES;
				GCC_WARN_UNUSED_VARIABLE = YES;
				IPHONEOS_DEPLOYMENT_TARGET = 11.3;
				MTL_ENABLE_DEBUG_INFO = NO;
				SDKROOT = iphoneos;
				SWIFT_COMPILATION_MODE = wholemodule;
				SWIFT_OPTIMIZATION_LEVEL = "-O";
				VALIDATE_PRODUCT = YES;
			};
			name = Release;
		};
		5481B5822088DD1500664DDA /* Debug */ = {
			isa = XCBuildConfiguration;
			buildSettings = {
				ASSETCATALOG_COMPILER_APPICON_NAME = AppIcon;
				ASSETCATALOG_COMPILER_LAUNCHIMAGE_NAME = LaunchImage;
				CODE_SIGN_ENTITLEMENTS = eChefv2.1.entitlements;
				CODE_SIGN_STYLE = Automatic;
				DEVELOPMENT_TEAM = 3H537S2H9A;
				ENABLE_BITCODE = NO;
				FRAMEWORK_SEARCH_PATHS = (
					"$(inherited)",
					"$(PROJECT_DIR)",
				);
				INFOPLIST_FILE = Mockup02/Info.plist;
				IPHONEOS_DEPLOYMENT_TARGET = 11.0;
				LD_RUNPATH_SEARCH_PATHS = (
					"$(inherited)",
					"@executable_path/Frameworks",
				);
				PRODUCT_BUNDLE_IDENTIFIER = mrowley.eChefv2.1;
				PRODUCT_NAME = "$(TARGET_NAME)";
				SWIFT_VERSION = 4.0;
				TARGETED_DEVICE_FAMILY = 1;
			};
			name = Debug;
		};
		5481B5832088DD1500664DDA /* Release */ = {
			isa = XCBuildConfiguration;
			buildSettings = {
				ASSETCATALOG_COMPILER_APPICON_NAME = AppIcon;
				ASSETCATALOG_COMPILER_LAUNCHIMAGE_NAME = LaunchImage;
				CODE_SIGN_ENTITLEMENTS = eChefv2.1.entitlements;
				CODE_SIGN_STYLE = Automatic;
				DEVELOPMENT_TEAM = 3H537S2H9A;
				ENABLE_BITCODE = NO;
				FRAMEWORK_SEARCH_PATHS = (
					"$(inherited)",
					"$(PROJECT_DIR)",
				);
				INFOPLIST_FILE = Mockup02/Info.plist;
				IPHONEOS_DEPLOYMENT_TARGET = 11.0;
				LD_RUNPATH_SEARCH_PATHS = (
					"$(inherited)",
					"@executable_path/Frameworks",
				);
				PRODUCT_BUNDLE_IDENTIFIER = mrowley.eChefv2.1;
				PRODUCT_NAME = "$(TARGET_NAME)";
				SWIFT_VERSION = 4.0;
				TARGETED_DEVICE_FAMILY = 1;
			};
			name = Release;
		};
/* End XCBuildConfiguration section */

/* Begin XCConfigurationList section */
		5481B56A2088DD1300664DDA /* Build configuration list for PBXProject "eChefv2.1" */ = {
			isa = XCConfigurationList;
			buildConfigurations = (
				5481B57F2088DD1500664DDA /* Debug */,
				5481B5802088DD1500664DDA /* Release */,
			);
			defaultConfigurationIsVisible = 0;
			defaultConfigurationName = Release;
		};
		5481B5812088DD1500664DDA /* Build configuration list for PBXNativeTarget "eChefv2.1" */ = {
			isa = XCConfigurationList;
			buildConfigurations = (
				5481B5822088DD1500664DDA /* Debug */,
				5481B5832088DD1500664DDA /* Release */,
			);
			defaultConfigurationIsVisible = 0;
			defaultConfigurationName = Release;
		};
/* End XCConfigurationList section */
	};
	rootObject = 5481B5672088DD1300664DDA /* Project object */;
}
