// !$*UTF8*$!
{
	archiveVersion = 1;
	classes = {
	};
	objectVersion = 50;
	objects = {

/* Begin PBXBuildFile section */
		5481B5732088DD1300664DDA /* AppDelegate.swift in Sources */ = {isa = PBXBuildFile; fileRef = 5481B5722088DD1300664DDA /* AppDelegate.swift */; };
		5481B5752088DD1300664DDA /* ViewController.swift in Sources */ = {isa = PBXBuildFile; fileRef = 5481B5742088DD1300664DDA /* ViewController.swift */; };
		5481B5782088DD1300664DDA /* Main.storyboard in Resources */ = {isa = PBXBuildFile; fileRef = 5481B5762088DD1300664DDA /* Main.storyboard */; };
		5481B57A2088DD1500664DDA /* Assets.xcassets in Resources */ = {isa = PBXBuildFile; fileRef = 5481B5792088DD1500664DDA /* Assets.xcassets */; };
		5481B57D2088DD1500664DDA /* LaunchScreen.storyboard in Resources */ = {isa = PBXBuildFile; fileRef = 5481B57B2088DD1500664DDA /* LaunchScreen.storyboard */; };
		5481B5852088F3FD00664DDA /* HomeController.swift in Sources */ = {isa = PBXBuildFile; fileRef = 5481B5842088F3FD00664DDA /* HomeController.swift */; };
		D73CCE5E2091340F001B1E07 /* AccountController.swift in Sources */ = {isa = PBXBuildFile; fileRef = D73CCE5D2091340F001B1E07 /* AccountController.swift */; };
		D73CCE6020913800001B1E07 /* ProgressBar.swift in Sources */ = {isa = PBXBuildFile; fileRef = D73CCE5F20913800001B1E07 /* ProgressBar.swift */; };
		D73CCE6220A3B6E3001B1E07 /* Experimental.swift in Sources */ = {isa = PBXBuildFile; fileRef = D73CCE6120A3B6E3001B1E07 /* Experimental.swift */; };
		D73CCE6520A3B79F001B1E07 /* Speech.framework in Frameworks */ = {isa = PBXBuildFile; fileRef = D73CCE6420A3B79E001B1E07 /* Speech.framework */; };
		D771F72120896E7400DABCF4 /* CookbookController.swift in Sources */ = {isa = PBXBuildFile; fileRef = D771F72020896E7400DABCF4 /* CookbookController.swift */; };
/* End PBXBuildFile section */

/* Begin PBXFileReference section */
		5481B56F2088DD1300664DDA /* Mockup02.app */ = {isa = PBXFileReference; explicitFileType = wrapper.application; includeInIndex = 0; path = Mockup02.app; sourceTree = BUILT_PRODUCTS_DIR; };
		5481B5722088DD1300664DDA /* AppDelegate.swift */ = {isa = PBXFileReference; lastKnownFileType = sourcecode.swift; path = AppDelegate.swift; sourceTree = "<group>"; };
		5481B5742088DD1300664DDA /* ViewController.swift */ = {isa = PBXFileReference; lastKnownFileType = sourcecode.swift; path = ViewController.swift; sourceTree = "<group>"; };
		5481B5772088DD1300664DDA /* Base */ = {isa = PBXFileReference; lastKnownFileType = file.storyboard; name = Base; path = Base.lproj/Main.storyboard; sourceTree = "<group>"; };
		5481B5792088DD1500664DDA /* Assets.xcassets */ = {isa = PBXFileReference; lastKnownFileType = folder.assetcatalog; path = Assets.xcassets; sourceTree = "<group>"; };
		5481B57C2088DD1500664DDA /* Base */ = {isa = PBXFileReference; lastKnownFileType = file.storyboard; name = Base; path = Base.lproj/LaunchScreen.storyboard; sourceTree = "<group>"; };
		5481B57E2088DD1500664DDA /* Info.plist */ = {isa = PBXFileReference; lastKnownFileType = text.plist.xml; path = Info.plist; sourceTree = "<group>"; };
		5481B5842088F3FD00664DDA /* HomeController.swift */ = {isa = PBXFileReference; lastKnownFileType = sourcecode.swift; path = HomeController.swift; sourceTree = "<group>"; };
		D73CCE5D2091340F001B1E07 /* AccountController.swift */ = {isa = PBXFileReference; lastKnownFileType = sourcecode.swift; path = AccountController.swift; sourceTree = "<group>"; };
		D73CCE5F20913800001B1E07 /* ProgressBar.swift */ = {isa = PBXFileReference; lastKnownFileType = sourcecode.swift; path = ProgressBar.swift; sourceTree = "<group>"; };
		D73CCE6120A3B6E3001B1E07 /* Experimental.swift */ = {isa = PBXFileReference; lastKnownFileType = sourcecode.swift; path = Experimental.swift; sourceTree = "<group>"; };
		D73CCE6420A3B79E001B1E07 /* Speech.framework */ = {isa = PBXFileReference; lastKnownFileType = wrapper.framework; name = Speech.framework; path = System/Library/Frameworks/Speech.framework; sourceTree = SDKROOT; };
		D771F72020896E7400DABCF4 /* CookbookController.swift */ = {isa = PBXFileReference; lastKnownFileType = sourcecode.swift; path = CookbookController.swift; sourceTree = "<group>"; };
/* End PBXFileReference section */

/* Begin PBXFrameworksBuildPhase section */
		5481B56C2088DD1300664DDA /* Frameworks */ = {
			isa = PBXFrameworksBuildPhase;
			buildActionMask = 2147483647;
			files = (
				D73CCE6520A3B79F001B1E07 /* Speech.framework in Frameworks */,
			);
			runOnlyForDeploymentPostprocessing = 0;
		};
/* End PBXFrameworksBuildPhase section */

/* Begin PBXGroup section */
		5481B5662088DD1300664DDA = {
			isa = PBXGroup;
			children = (
				5481B5712088DD1300664DDA /* Mockup02 */,
				5481B5702088DD1300664DDA /* Products */,
				D73CCE6320A3B79E001B1E07 /* Frameworks */,
			);
			sourceTree = "<group>";
		};
		5481B5702088DD1300664DDA /* Products */ = {
			isa = PBXGroup;
			children = (
				5481B56F2088DD1300664DDA /* Mockup02.app */,
			);
			name = Products;
			sourceTree = "<group>";
		};
		5481B5712088DD1300664DDA /* Mockup02 */ = {
			isa = PBXGroup;
			children = (
				5481B5722088DD1300664DDA /* AppDelegate.swift */,
				5481B5742088DD1300664DDA /* ViewController.swift */,
				5481B5762088DD1300664DDA /* Main.storyboard */,
				5481B5792088DD1500664DDA /* Assets.xcassets */,
				5481B57B2088DD1500664DDA /* LaunchScreen.storyboard */,
				5481B57E2088DD1500664DDA /* Info.plist */,
				5481B5842088F3FD00664DDA /* HomeController.swift */,
				D771F72020896E7400DABCF4 /* CookbookController.swift */,
				D73CCE5D2091340F001B1E07 /* AccountController.swift */,
				D73CCE5F20913800001B1E07 /* ProgressBar.swift */,
				D73CCE6120A3B6E3001B1E07 /* Experimental.swift */,
			);
			path = Mockup02;
			sourceTree = "<group>";
		};
		D73CCE6320A3B79E001B1E07 /* Frameworks */ = {
			isa = PBXGroup;
			children = (
				D73CCE6420A3B79E001B1E07 /* Speech.framework */,
			);
			name = Frameworks;
			sourceTree = "<group>";
		};
/* End PBXGroup section */

/* Begin PBXNativeTarget section */
		5481B56E2088DD1300664DDA /* Mockup02 */ = {
			isa = PBXNativeTarget;
			buildConfigurationList = 5481B5812088DD1500664DDA /* Build configuration list for PBXNativeTarget "Mockup02" */;
			buildPhases = (
				5481B56B2088DD1300664DDA /* Sources */,
				5481B56C2088DD1300664DDA /* Frameworks */,
				5481B56D2088DD1300664DDA /* Resources */,
			);
			buildRules = (
			);
			dependencies = (
			);
			name = Mockup02;
			productName = Mockup02;
			productReference = 5481B56F2088DD1300664DDA /* Mockup02.app */;
			productType = "com.apple.product-type.application";
		};
/* End PBXNativeTarget section */

/* Begin PBXProject section */
		5481B5672088DD1300664DDA /* Project object */ = {
			isa = PBXProject;
			attributes = {
				LastSwiftUpdateCheck = 0930;
				LastUpgradeCheck = 0930;
				ORGANIZATIONNAME = "Julien Esposito";
				TargetAttributes = {
					5481B56E2088DD1300664DDA = {
						CreatedOnToolsVersion = 9.3;
					};
				};
			};
			buildConfigurationList = 5481B56A2088DD1300664DDA /* Build configuration list for PBXProject "Mockup02" */;
			compatibilityVersion = "Xcode 9.3";
			developmentRegion = en;
			hasScannedForEncodings = 0;
			knownRegions = (
				en,
				Base,
			);
			mainGroup = 5481B5662088DD1300664DDA;
			productRefGroup = 5481B5702088DD1300664DDA /* Products */;
			projectDirPath = "";
			projectRoot = "";
			targets = (
				5481B56E2088DD1300664DDA /* Mockup02 */,
			);
		};
/* End PBXProject section */

/* Begin PBXResourcesBuildPhase section */
		5481B56D2088DD1300664DDA /* Resources */ = {
			isa = PBXResourcesBuildPhase;
			buildActionMask = 2147483647;
			files = (
				5481B57D2088DD1500664DDA /* LaunchScreen.storyboard in Resources */,
				5481B57A2088DD1500664DDA /* Assets.xcassets in Resources */,
				5481B5782088DD1300664DDA /* Main.storyboard in Resources */,
			);
			runOnlyForDeploymentPostprocessing = 0;
		};
/* End PBXResourcesBuildPhase section */

/* Begin PBXSourcesBuildPhase section */
		5481B56B2088DD1300664DDA /* Sources */ = {
			isa = PBXSourcesBuildPhase;
			buildActionMask = 2147483647;
			files = (
				5481B5752088DD1300664DDA /* ViewController.swift in Sources */,
				D73CCE6220A3B6E3001B1E07 /* Experimental.swift in Sources */,
				D73CCE5E2091340F001B1E07 /* AccountController.swift in Sources */,
				5481B5732088DD1300664DDA /* AppDelegate.swift in Sources */,
				D771F72120896E7400DABCF4 /* CookbookController.swift in Sources */,
				D73CCE6020913800001B1E07 /* ProgressBar.swift in Sources */,
				5481B5852088F3FD00664DDA /* HomeController.swift in Sources */,
			);
			runOnlyForDeploymentPostprocessing = 0;
		};
/* End PBXSourcesBuildPhase section */

/* Begin PBXVariantGroup section */
		5481B5762088DD1300664DDA /* Main.storyboard */ = {
			isa = PBXVariantGroup;
			children = (
				5481B5772088DD1300664DDA /* Base */,
			);
			name = Main.storyboard;
			sourceTree = "<group>";
		};
		5481B57B2088DD1500664DDA /* LaunchScreen.storyboard */ = {
			isa = PBXVariantGroup;
			children = (
				5481B57C2088DD1500664DDA /* Base */,
			);
			name = LaunchScreen.storyboard;
			sourceTree = "<group>";
		};
/* End PBXVariantGroup section */

/* Begin XCBuildConfiguration section */
		5481B57F2088DD1500664DDA /* Debug */ = {
			isa = XCBuildConfiguration;
			buildSettings = {
				ALWAYS_SEARCH_USER_PATHS = NO;
				CLANG_ANALYZER_NONNULL = YES;
				CLANG_ANALYZER_NUMBER_OBJECT_CONVERSION = YES_AGGRESSIVE;
				CLANG_CXX_LANGUAGE_STANDARD = "gnu++14";
				CLANG_CXX_LIBRARY = "libc++";
				CLANG_ENABLE_MODULES = YES;
				CLANG_ENABLE_OBJC_ARC = YES;
				CLANG_ENABLE_OBJC_WEAK = YES;
				CLANG_WARN_BLOCK_CAPTURE_AUTORELEASING = YES;
				CLANG_WARN_BOOL_CONVERSION = YES;
				CLANG_WARN_COMMA = YES;
				CLANG_WARN_CONSTANT_CONVERSION = YES;
				CLANG_WARN_DEPRECATED_OBJC_IMPLEMENTATIONS = YES;
				CLANG_WARN_DIRECT_OBJC_ISA_USAGE = YES_ERROR;
				CLANG_WARN_DOCUMENTATION_COMMENTS = YES;
				CLANG_WARN_EMPTY_BODY = YES;
				CLANG_WARN_ENUM_CONVERSION = YES;
				CLANG_WARN_INFINITE_RECURSION = YES;
				CLANG_WARN_INT_CONVERSION = YES;
				CLANG_WARN_NON_LITERAL_NULL_CONVERSION = YES;
				CLANG_WARN_OBJC_IMPLICIT_RETAIN_SELF = YES;
				CLANG_WARN_OBJC_LITERAL_CONVERSION = YES;
				CLANG_WARN_OBJC_ROOT_CLASS = YES_ERROR;
				CLANG_WARN_RANGE_LOOP_ANALYSIS = YES;
				CLANG_WARN_STRICT_PROTOTYPES = YES;
				CLANG_WARN_SUSPICIOUS_MOVE = YES;
				CLANG_WARN_UNGUARDED_AVAILABILITY = YES_AGGRESSIVE;
				CLANG_WARN_UNREACHABLE_CODE = YES;
				CLANG_WARN__DUPLICATE_METHOD_MATCH = YES;
				CODE_SIGN_IDENTITY = "iPhone Developer";
				COPY_PHASE_STRIP = NO;
				DEBUG_INFORMATION_FORMAT = dwarf;
				ENABLE_STRICT_OBJC_MSGSEND = YES;
				ENABLE_TESTABILITY = YES;
				GCC_C_LANGUAGE_STANDARD = gnu11;
				GCC_DYNAMIC_NO_PIC = NO;
				GCC_NO_COMMON_BLOCKS = YES;
				GCC_OPTIMIZATION_LEVEL = 0;
				GCC_PREPROCESSOR_DEFINITIONS = (
					"DEBUG=1",
					"$(inherited)",
				);
				GCC_WARN_64_TO_32_BIT_CONVERSION = YES;
				GCC_WARN_ABOUT_RETURN_TYPE = YES_ERROR;
				GCC_WARN_UNDECLARED_SELECTOR = YES;
				GCC_WARN_UNINITIALIZED_AUTOS = YES_AGGRESSIVE;
				GCC_WARN_UNUSED_FUNCTION = YES;
				GCC_WARN_UNUSED_VARIABLE = YES;
				IPHONEOS_DEPLOYMENT_TARGET = 11.3;
				MTL_ENABLE_DEBUG_INFO = YES;
				ONLY_ACTIVE_ARCH = YES;
				SDKROOT = iphoneos;
				SWIFT_ACTIVE_COMPILATION_CONDITIONS = DEBUG;
				SWIFT_OPTIMIZATION_LEVEL = "-Onone";
			};
			name = Debug;
		};
		5481B5802088DD1500664DDA /* Release */ = {
			isa = XCBuildConfiguration;
			buildSettings = {
				ALWAYS_SEARCH_USER_PATHS = NO;
				CLANG_ANALYZER_NONNULL = YES;
				CLANG_ANALYZER_NUMBER_OBJECT_CONVERSION = YES_AGGRESSIVE;
				CLANG_CXX_LANGUAGE_STANDARD = "gnu++14";
				CLANG_CXX_LIBRARY = "libc++";
				CLANG_ENABLE_MODULES = YES;
				CLANG_ENABLE_OBJC_ARC = YES;
				CLANG_ENABLE_OBJC_WEAK = YES;
				CLANG_WARN_BLOCK_CAPTURE_AUTORELEASING = YES;
				CLANG_WARN_BOOL_CONVERSION = YES;
				CLANG_WARN_COMMA = YES;
				CLANG_WARN_CONSTANT_CONVERSION = YES;
				CLANG_WARN_DEPRECATED_OBJC_IMPLEMENTATIONS = YES;
				CLANG_WARN_DIRECT_OBJC_ISA_USAGE = YES_ERROR;
				CLANG_WARN_DOCUMENTATION_COMMENTS = YES;
				CLANG_WARN_EMPTY_BODY = YES;
				CLANG_WARN_ENUM_CONVERSION = YES;
				CLANG_WARN_INFINITE_RECURSION = YES;
				CLANG_WARN_INT_CONVERSION = YES;
				CLANG_WARN_NON_LITERAL_NULL_CONVERSION = YES;
				CLANG_WARN_OBJC_IMPLICIT_RETAIN_SELF = YES;
				CLANG_WARN_OBJC_LITERAL_CONVERSION = YES;
				CLANG_WARN_OBJC_ROOT_CLASS = YES_ERROR;
				CLANG_WARN_RANGE_LOOP_ANALYSIS = YES;
				CLANG_WARN_STRICT_PROTOTYPES = YES;
				CLANG_WARN_SUSPICIOUS_MOVE = YES;
				CLANG_WARN_UNGUARDED_AVAILABILITY = YES_AGGRESSIVE;
				CLANG_WARN_UNREACHABLE_CODE = YES;
				CLANG_WARN__DUPLICATE_METHOD_MATCH = YES;
				CODE_SIGN_IDENTITY = "iPhone Developer";
				COPY_PHASE_STRIP = NO;
				DEBUG_INFORMATION_FORMAT = "dwarf-with-dsym";
				ENABLE_NS_ASSERTIONS = NO;
				ENABLE_STRICT_OBJC_MSGSEND = YES;
				GCC_C_LANGUAGE_STANDARD = gnu11;
				GCC_NO_COMMON_BLOCKS = YES;
				GCC_WARN_64_TO_32_BIT_CONVERSION = YES;
				GCC_WARN_ABOUT_RETURN_TYPE = YES_ERROR;
				GCC_WARN_UNDECLARED_SELECTOR = YES;
				GCC_WARN_UNINITIALIZED_AUTOS = YES_AGGRESSIVE;
				GCC_WARN_UNUSED_FUNCTION = YES;
				GCC_WARN_UNUSED_VARIABLE = YES;
				IPHONEOS_DEPLOYMENT_TARGET = 11.3;
				MTL_ENABLE_DEBUG_INFO = NO;
				SDKROOT = iphoneos;
				SWIFT_COMPILATION_MODE = wholemodule;
				SWIFT_OPTIMIZATION_LEVEL = "-O";
				VALIDATE_PRODUCT = YES;
			};
			name = Release;
		};
		5481B5822088DD1500664DDA /* Debug */ = {
			isa = XCBuildConfiguration;
			buildSettings = {
				ASSETCATALOG_COMPILER_APPICON_NAME = AppIcon;
				CODE_SIGN_STYLE = Automatic;
				DEVELOPMENT_TEAM = K6WW8AJPM2;
				INFOPLIST_FILE = Mockup02/Info.plist;
				IPHONEOS_DEPLOYMENT_TARGET = 11.0;
				LD_RUNPATH_SEARCH_PATHS = (
					"$(inherited)",
					"@executable_path/Frameworks",
				);
				PRODUCT_BUNDLE_IDENTIFIER = djulzz.Mockup02;
				PRODUCT_NAME = "$(TARGET_NAME)";
				SWIFT_VERSION = 4.0;
				TARGETED_DEVICE_FAMILY = 1;
			};
			name = Debug;
		};
		5481B5832088DD1500664DDA /* Release */ = {
			isa = XCBuildConfiguration;
			buildSettings = {
				ASSETCATALOG_COMPILER_APPICON_NAME = AppIcon;
				CODE_SIGN_STYLE = Automatic;
				DEVELOPMENT_TEAM = K6WW8AJPM2;
				INFOPLIST_FILE = Mockup02/Info.plist;
				IPHONEOS_DEPLOYMENT_TARGET = 11.0;
				LD_RUNPATH_SEARCH_PATHS = (
					"$(inherited)",
					"@executable_path/Frameworks",
				);
				PRODUCT_BUNDLE_IDENTIFIER = djulzz.Mockup02;
				PRODUCT_NAME = "$(TARGET_NAME)";
				SWIFT_VERSION = 4.0;
				TARGETED_DEVICE_FAMILY = 1;
			};
			name = Release;
		};
/* End XCBuildConfiguration section */

/* Begin XCConfigurationList section */
		5481B56A2088DD1300664DDA /* Build configuration list for PBXProject "Mockup02" */ = {
			isa = XCConfigurationList;
			buildConfigurations = (
				5481B57F2088DD1500664DDA /* Debug */,
				5481B5802088DD1500664DDA /* Release */,
			);
			defaultConfigurationIsVisible = 0;
			defaultConfigurationName = Release;
		};
		5481B5812088DD1500664DDA /* Build configuration list for PBXNativeTarget "Mockup02" */ = {
			isa = XCConfigurationList;
			buildConfigurations = (
				5481B5822088DD1500664DDA /* Debug */,
				5481B5832088DD1500664DDA /* Release */,
			);
			defaultConfigurationIsVisible = 0;
			defaultConfigurationName = Release;
		};
/* End XCConfigurationList section */
	};
	rootObject = 5481B5672088DD1300664DDA /* Project object */;
}
